
Microsoft Visual Studio Solution File, Format Version 12.00
# Visual Studio Version 17
VisualStudioVersion = 17.7.34221.43
MinimumVisualStudioVersion = 10.0.40219.1
Project("{FAE04EC0-301F-11D3-BF4B-00C04F79EFBC}") = "Project Otto", "Project Otto\Project Otto.csproj", "{229C0A9B-C69C-4CE6-B47B-8EABB6B26DF5}"
EndProject
Global
	GlobalSection(SolutionConfigurationPlatforms) = preSolution
		Debug|Any CPU = Debug|Any CPU
		Release|Any CPU = Release|Any CPU
	EndGlobalSection
	GlobalSection(ProjectConfigurationPlatforms) = postSolution
		{229C0A9B-C69C-4CE6-B47B-8EABB6B26DF5}.Debug|Any CPU.ActiveCfg = Debug|Any CPU
		{229C0A9B-C69C-4CE6-B47B-8EABB6B26DF5}.Debug|Any CPU.Build.0 = Debug|Any CPU
		{229C0A9B-C69C-4CE6-B47B-8EABB6B26DF5}.Release|Any CPU.ActiveCfg = Release|Any CPU
		{229C0A9B-C69C-4CE6-B47B-8EABB6B26DF5}.Release|Any CPU.Build.0 = Release|Any CPU
	EndGlobalSection
	GlobalSection(SolutionProperties) = preSolution
		HideSolutionNode = FALSE
	EndGlobalSection
	GlobalSection(ExtensibilityGlobals) = postSolution
		SolutionGuid = {F802B5AF-754A-4A57-B2DB-E8084FEC2843}
	EndGlobalSection
EndGlobal
